
Microsoft Visual Studio Solution File, Format Version 12.00
# Visual Studio Version 16
VisualStudioVersion = 16.0.30225.117
MinimumVisualStudioVersion = 10.0.40219.1
Project("{FAE04EC0-301F-11D3-BF4B-00C04F79EFBC}") = "FirebaseMVC", "FirebaseMVC\FirebaseMVC.csproj", "{5EE3ED67-2E5C-4540-98D2-3045AA195D2F}"
EndProject
Global
	GlobalSection(SolutionConfigurationPlatforms) = preSolution
		Debug|Any CPU = Debug|Any CPU
		Release|Any CPU = Release|Any CPU
	EndGlobalSection
	GlobalSection(ProjectConfigurationPlatforms) = postSolution
		{5EE3ED67-2E5C-4540-98D2-3045AA195D2F}.Debug|Any CPU.ActiveCfg = Debug|Any CPU
		{5EE3ED67-2E5C-4540-98D2-3045AA195D2F}.Debug|Any CPU.Build.0 = Debug|Any CPU
		{5EE3ED67-2E5C-4540-98D2-3045AA195D2F}.Release|Any CPU.ActiveCfg = Release|Any CPU
		{5EE3ED67-2E5C-4540-98D2-3045AA195D2F}.Release|Any CPU.Build.0 = Release|Any CPU
	EndGlobalSection
	GlobalSection(SolutionProperties) = preSolution
		HideSolutionNode = FALSE
	EndGlobalSection
	GlobalSection(ExtensibilityGlobals) = postSolution
		SolutionGuid = {A80458F8-F119-4736-BAEC-3327B91069AD}
	EndGlobalSection
EndGlobal
